
Microsoft Visual Studio Solution File, Format Version 12.00
# Visual Studio 2013
VisualStudioVersion = 12.0.21005.1
MinimumVisualStudioVersion = 10.0.40219.1
Project("{FAE04EC0-301F-11D3-BF4B-00C04F79EFBC}") = "CapturePicture", "CapturePicture\CapturePicture.csproj", "{FFF8E0B7-143D-40DD-8861-7040DE0D21D1}"
EndProject
Project("{FAE04EC0-301F-11D3-BF4B-00C04F79EFBC}") = "CapturePicture.bll", "ClassLibrary1\CapturePicture.bll.csproj", "{BE353B42-0D83-4FC6-9FE6-9901FFAA30DB}"
EndProject
Global
	GlobalSection(SolutionConfigurationPlatforms) = preSolution
		Debug|Any CPU = Debug|Any CPU
		Release|Any CPU = Release|Any CPU
	EndGlobalSection
	GlobalSection(ProjectConfigurationPlatforms) = postSolution
		{FFF8E0B7-143D-40DD-8861-7040DE0D21D1}.Debug|Any CPU.ActiveCfg = Debug|Any CPU
		{FFF8E0B7-143D-40DD-8861-7040DE0D21D1}.Debug|Any CPU.Build.0 = Debug|Any CPU
		{FFF8E0B7-143D-40DD-8861-7040DE0D21D1}.Release|Any CPU.ActiveCfg = Release|Any CPU
		{FFF8E0B7-143D-40DD-8861-7040DE0D21D1}.Release|Any CPU.Build.0 = Release|Any CPU
		{BE353B42-0D83-4FC6-9FE6-9901FFAA30DB}.Debug|Any CPU.ActiveCfg = Debug|Any CPU
		{BE353B42-0D83-4FC6-9FE6-9901FFAA30DB}.Debug|Any CPU.Build.0 = Debug|Any CPU
		{BE353B42-0D83-4FC6-9FE6-9901FFAA30DB}.Release|Any CPU.ActiveCfg = Release|Any CPU
		{BE353B42-0D83-4FC6-9FE6-9901FFAA30DB}.Release|Any CPU.Build.0 = Release|Any CPU
	EndGlobalSection
	GlobalSection(SolutionProperties) = preSolution
		HideSolutionNode = FALSE
	EndGlobalSection
EndGlobal
